// !$*UTF8*$!
{
	archiveVersion = 1;
	classes = {
	};
	objectVersion = 55;
	objects = {

/* Begin PBXBuildFile section */
		0502DE05271F26FE0076C1EF /* PageViewController.swift in Sources */ = {isa = PBXBuildFile; fileRef = 0502DE04271F26FE0076C1EF /* PageViewController.swift */; };
		0502DE07271F2ACA0076C1EF /* FeatureCard.swift in Sources */ = {isa = PBXBuildFile; fileRef = 0502DE06271F2ACA0076C1EF /* FeatureCard.swift */; };
		0502DE09271F2E850076C1EF /* PageView.swift in Sources */ = {isa = PBXBuildFile; fileRef = 0502DE08271F2E850076C1EF /* PageView.swift */; };
		0502DE0B271F472F0076C1EF /* PageControl.swift in Sources */ = {isa = PBXBuildFile; fileRef = 0502DE0A271F472F0076C1EF /* PageControl.swift */; };
		0507F02C271991BE0087A8BC /* RotatedBadgeSymbol.swift in Sources */ = {isa = PBXBuildFile; fileRef = 0507F027271991BE0087A8BC /* RotatedBadgeSymbol.swift */; };
		0507F02D271991BE0087A8BC /* HexagonParameters.swift in Sources */ = {isa = PBXBuildFile; fileRef = 0507F028271991BE0087A8BC /* HexagonParameters.swift */; };
		0507F02E271991BE0087A8BC /* BadgeSymbol.swift in Sources */ = {isa = PBXBuildFile; fileRef = 0507F029271991BE0087A8BC /* BadgeSymbol.swift */; };
		0507F02F271991BE0087A8BC /* BadgeBackground.swift in Sources */ = {isa = PBXBuildFile; fileRef = 0507F02A271991BE0087A8BC /* BadgeBackground.swift */; };
		0507F030271991BE0087A8BC /* Badge.swift in Sources */ = {isa = PBXBuildFile; fileRef = 0507F02B271991BE0087A8BC /* Badge.swift */; };
		05085C3A2719EBC50091217C /* hikeData.json in Resources */ = {isa = PBXBuildFile; fileRef = 05085C392719EBC50091217C /* hikeData.json */; };
		05085C3C2719EC2D0091217C /* Hike.swift in Sources */ = {isa = PBXBuildFile; fileRef = 05085C3B2719EC2D0091217C /* Hike.swift */; };
		05085C422719EEB30091217C /* GraphCapsule.swift in Sources */ = {isa = PBXBuildFile; fileRef = 05085C3E2719EEB20091217C /* GraphCapsule.swift */; };
		05085C432719EEB30091217C /* HikeGraph.swift in Sources */ = {isa = PBXBuildFile; fileRef = 05085C3F2719EEB20091217C /* HikeGraph.swift */; };
		05085C442719EEB30091217C /* HikeDetail.swift in Sources */ = {isa = PBXBuildFile; fileRef = 05085C402719EEB20091217C /* HikeDetail.swift */; };
		05085C452719EEB30091217C /* HikeView.swift in Sources */ = {isa = PBXBuildFile; fileRef = 05085C412719EEB20091217C /* HikeView.swift */; };
		05AAF86B271739E9007C7CFE /* LandmarksApp.swift in Sources */ = {isa = PBXBuildFile; fileRef = 05AAF86A271739E9007C7CFE /* LandmarksApp.swift */; };
		05AAF86D271739E9007C7CFE /* ContentView.swift in Sources */ = {isa = PBXBuildFile; fileRef = 05AAF86C271739E9007C7CFE /* ContentView.swift */; };
		05AAF86F271739EB007C7CFE /* Assets.xcassets in Resources */ = {isa = PBXBuildFile; fileRef = 05AAF86E271739EB007C7CFE /* Assets.xcassets */; };
		05AAF872271739EB007C7CFE /* Preview Assets.xcassets in Resources */ = {isa = PBXBuildFile; fileRef = 05AAF871271739EB007C7CFE /* Preview Assets.xcassets */; };
		05AAF87927173E51007C7CFE /* CircleImage.swift in Sources */ = {isa = PBXBuildFile; fileRef = 05AAF87827173E51007C7CFE /* CircleImage.swift */; };
		05AAF87B27174130007C7CFE /* MapView.swift in Sources */ = {isa = PBXBuildFile; fileRef = 05AAF87A27174130007C7CFE /* MapView.swift */; };
		05AAF87D27174759007C7CFE /* landmarkData.json in Resources */ = {isa = PBXBuildFile; fileRef = 05AAF87C27174759007C7CFE /* landmarkData.json */; };
		05AAF87F27174785007C7CFE /* Landmark.swift in Sources */ = {isa = PBXBuildFile; fileRef = 05AAF87E27174785007C7CFE /* Landmark.swift */; };
		05AAF88127174B8E007C7CFE /* ModelData.swift in Sources */ = {isa = PBXBuildFile; fileRef = 05AAF88027174B8E007C7CFE /* ModelData.swift */; };
		05AAF886271750CD007C7CFE /* LandmarkRow.swift in Sources */ = {isa = PBXBuildFile; fileRef = 05AAF885271750CD007C7CFE /* LandmarkRow.swift */; };
		05AAF888271752FA007C7CFE /* LandmarkList.swift in Sources */ = {isa = PBXBuildFile; fileRef = 05AAF887271752FA007C7CFE /* LandmarkList.swift */; };
		05AAF88A271755FD007C7CFE /* LandmarkDetail.swift in Sources */ = {isa = PBXBuildFile; fileRef = 05AAF889271755FD007C7CFE /* LandmarkDetail.swift */; };
		05C2D0A0271B218D0025FA3C /* CategoryHome.swift in Sources */ = {isa = PBXBuildFile; fileRef = 05C2D09F271B218D0025FA3C /* CategoryHome.swift */; };
		05C2D0A2271B33A80025FA3C /* CategoryRow.swift in Sources */ = {isa = PBXBuildFile; fileRef = 05C2D0A1271B33A80025FA3C /* CategoryRow.swift */; };
		05C2D0A4271B38310025FA3C /* CategoryItem.swift in Sources */ = {isa = PBXBuildFile; fileRef = 05C2D0A3271B38310025FA3C /* CategoryItem.swift */; };
		05C2D0A6271B4AFC0025FA3C /* Profile.swift in Sources */ = {isa = PBXBuildFile; fileRef = 05C2D0A5271B4AFC0025FA3C /* Profile.swift */; };
		05C2D0A9271B4C880025FA3C /* ProfileHost.swift in Sources */ = {isa = PBXBuildFile; fileRef = 05C2D0A8271B4C880025FA3C /* ProfileHost.swift */; };
		05C2D0AB271B4DA20025FA3C /* ProfileSummary.swift in Sources */ = {isa = PBXBuildFile; fileRef = 05C2D0AA271B4DA20025FA3C /* ProfileSummary.swift */; };
		05C2D0AD271B50830025FA3C /* HikeBadge.swift in Sources */ = {isa = PBXBuildFile; fileRef = 05C2D0AC271B50830025FA3C /* HikeBadge.swift */; };
		05CE92A027189C9F00D3F481 /* FavoriteButton.swift in Sources */ = {isa = PBXBuildFile; fileRef = 05CE929F27189C9F00D3F481 /* FavoriteButton.swift */; };
		05D9B45327207D1E003CAD08 /* Assets.xcassets in Resources */ = {isa = PBXBuildFile; fileRef = 05D9B45227207D1E003CAD08 /* Assets.xcassets */; };
		05D9B45927207D1E003CAD08 /* WatchLandmarks WatchKit Extension.appex in Embed App Extensions */ = {isa = PBXBuildFile; fileRef = 05D9B45827207D1E003CAD08 /* WatchLandmarks WatchKit Extension.appex */; settings = {ATTRIBUTES = (RemoveHeadersOnCopy, ); }; };
		05D9B46027207D1E003CAD08 /* ContentView.swift in Sources */ = {isa = PBXBuildFile; fileRef = 05D9B45F27207D1E003CAD08 /* ContentView.swift */; };
		05D9B46227207D1E003CAD08 /* NotificationController.swift in Sources */ = {isa = PBXBuildFile; fileRef = 05D9B46127207D1E003CAD08 /* NotificationController.swift */; };
		05D9B46427207D1E003CAD08 /* NotificationView.swift in Sources */ = {isa = PBXBuildFile; fileRef = 05D9B46327207D1E003CAD08 /* NotificationView.swift */; };
		05D9B46627207D1E003CAD08 /* ComplicationController.swift in Sources */ = {isa = PBXBuildFile; fileRef = 05D9B46527207D1E003CAD08 /* ComplicationController.swift */; };
		05D9B46827207D1F003CAD08 /* Assets.xcassets in Resources */ = {isa = PBXBuildFile; fileRef = 05D9B46727207D1F003CAD08 /* Assets.xcassets */; };
		05D9B46B27207D1F003CAD08 /* Preview Assets.xcassets in Resources */ = {isa = PBXBuildFile; fileRef = 05D9B46A27207D1F003CAD08 /* Preview Assets.xcassets */; };
		05D9B47027207D1F003CAD08 /* WatchLandmarks.app in Embed Watch Content */ = {isa = PBXBuildFile; fileRef = 05D9B45027207D1B003CAD08 /* WatchLandmarks.app */; settings = {ATTRIBUTES = (RemoveHeadersOnCopy, ); }; };
		05D9B47927208736003CAD08 /* LandmarksApp.swift in Sources */ = {isa = PBXBuildFile; fileRef = 05AAF86A271739E9007C7CFE /* LandmarksApp.swift */; };
		05D9B47A27208736003CAD08 /* Landmark.swift in Sources */ = {isa = PBXBuildFile; fileRef = 05AAF87E27174785007C7CFE /* Landmark.swift */; };
		05D9B47B27208736003CAD08 /* Hike.swift in Sources */ = {isa = PBXBuildFile; fileRef = 05085C3B2719EC2D0091217C /* Hike.swift */; };
		05D9B47C27208736003CAD08 /* Profile.swift in Sources */ = {isa = PBXBuildFile; fileRef = 05C2D0A5271B4AFC0025FA3C /* Profile.swift */; };
		05D9B47D27208736003CAD08 /* CircleImage.swift in Sources */ = {isa = PBXBuildFile; fileRef = 05AAF87827173E51007C7CFE /* CircleImage.swift */; };
		05D9B47E27208736003CAD08 /* landmarkData.json in Resources */ = {isa = PBXBuildFile; fileRef = 05AAF87C27174759007C7CFE /* landmarkData.json */; };
		05D9B47F27208736003CAD08 /* Assets.xcassets in Resources */ = {isa = PBXBuildFile; fileRef = 05AAF86E271739EB007C7CFE /* Assets.xcassets */; };
		05D9B48027208736003CAD08 /* hikeData.json in Resources */ = {isa = PBXBuildFile; fileRef = 05085C392719EBC50091217C /* hikeData.json */; };
		05D9B48127208736003CAD08 /* LandmarkList.swift in Sources */ = {isa = PBXBuildFile; fileRef = 05AAF887271752FA007C7CFE /* LandmarkList.swift */; };
		05D9B48227208736003CAD08 /* ModelData.swift in Sources */ = {isa = PBXBuildFile; fileRef = 05AAF88027174B8E007C7CFE /* ModelData.swift */; };
		05D9B48327208736003CAD08 /* MapView.swift in Sources */ = {isa = PBXBuildFile; fileRef = 05AAF87A27174130007C7CFE /* MapView.swift */; };
		05D9B48427208736003CAD08 /* LandmarkRow.swift in Sources */ = {isa = PBXBuildFile; fileRef = 05AAF885271750CD007C7CFE /* LandmarkRow.swift */; };
		05D9B48A272089A6003CAD08 /* LandmarkDetail.swift in Sources */ = {isa = PBXBuildFile; fileRef = 05D9B489272089A6003CAD08 /* LandmarkDetail.swift */; };
		05EEEFEE272F266F00BCCEB6 /* ContentView.swift in Sources */ = {isa = PBXBuildFile; fileRef = 05EEEFED272F266F00BCCEB6 /* ContentView.swift */; };
		05EEEFF0272F267100BCCEB6 /* Assets.xcassets in Resources */ = {isa = PBXBuildFile; fileRef = 05EEEFEF272F267100BCCEB6 /* Assets.xcassets */; };
		05EEEFF3272F267100BCCEB6 /* Preview Assets.xcassets in Resources */ = {isa = PBXBuildFile; fileRef = 05EEEFF2272F267100BCCEB6 /* Preview Assets.xcassets */; };
		05F4E30D271D92E800EF653F /* ProfileEditor.swift in Sources */ = {isa = PBXBuildFile; fileRef = 05F4E30C271D92E800EF653F /* ProfileEditor.swift */; };
/* End PBXBuildFile section */

/* Begin PBXContainerItemProxy section */
		05D9B45A27207D1E003CAD08 /* PBXContainerItemProxy */ = {
			isa = PBXContainerItemProxy;
			containerPortal = 05AAF85F271739E9007C7CFE /* Project object */;
			proxyType = 1;
			remoteGlobalIDString = 05D9B45727207D1E003CAD08;
			remoteInfo = "WatchLandmarks WatchKit Extension";
		};
		05D9B46E27207D1F003CAD08 /* PBXContainerItemProxy */ = {
			isa = PBXContainerItemProxy;
			containerPortal = 05AAF85F271739E9007C7CFE /* Project object */;
			proxyType = 1;
			remoteGlobalIDString = 05D9B44F27207D1B003CAD08;
			remoteInfo = WatchLandmarks;
		};
/* End PBXContainerItemProxy section */

/* Begin PBXCopyFilesBuildPhase section */
		05D9B47427207D1F003CAD08 /* Embed App Extensions */ = {
			isa = PBXCopyFilesBuildPhase;
			buildActionMask = 2147483647;
			dstPath = "";
			dstSubfolderSpec = 13;
			files = (
				05D9B45927207D1E003CAD08 /* WatchLandmarks WatchKit Extension.appex in Embed App Extensions */,
			);
			name = "Embed App Extensions";
			runOnlyForDeploymentPostprocessing = 0;
		};
		05D9B47827207D1F003CAD08 /* Embed Watch Content */ = {
			isa = PBXCopyFilesBuildPhase;
			buildActionMask = 2147483647;
			dstPath = "$(CONTENTS_FOLDER_PATH)/Watch";
			dstSubfolderSpec = 16;
			files = (
				05D9B47027207D1F003CAD08 /* WatchLandmarks.app in Embed Watch Content */,
			);
			name = "Embed Watch Content";
			runOnlyForDeploymentPostprocessing = 0;
		};
/* End PBXCopyFilesBuildPhase section */

/* Begin PBXFileReference section */
		0502DE04271F26FE0076C1EF /* PageViewController.swift */ = {isa = PBXFileReference; lastKnownFileType = sourcecode.swift; path = PageViewController.swift; sourceTree = "<group>"; };
		0502DE06271F2ACA0076C1EF /* FeatureCard.swift */ = {isa = PBXFileReference; lastKnownFileType = sourcecode.swift; path = FeatureCard.swift; sourceTree = "<group>"; };
		0502DE08271F2E850076C1EF /* PageView.swift */ = {isa = PBXFileReference; lastKnownFileType = sourcecode.swift; path = PageView.swift; sourceTree = "<group>"; };
		0502DE0A271F472F0076C1EF /* PageControl.swift */ = {isa = PBXFileReference; lastKnownFileType = sourcecode.swift; path = PageControl.swift; sourceTree = "<group>"; };
		0507F027271991BE0087A8BC /* RotatedBadgeSymbol.swift */ = {isa = PBXFileReference; fileEncoding = 4; lastKnownFileType = sourcecode.swift; path = RotatedBadgeSymbol.swift; sourceTree = "<group>"; };
		0507F028271991BE0087A8BC /* HexagonParameters.swift */ = {isa = PBXFileReference; fileEncoding = 4; lastKnownFileType = sourcecode.swift; path = HexagonParameters.swift; sourceTree = "<group>"; };
		0507F029271991BE0087A8BC /* BadgeSymbol.swift */ = {isa = PBXFileReference; fileEncoding = 4; lastKnownFileType = sourcecode.swift; path = BadgeSymbol.swift; sourceTree = "<group>"; };
		0507F02A271991BE0087A8BC /* BadgeBackground.swift */ = {isa = PBXFileReference; fileEncoding = 4; lastKnownFileType = sourcecode.swift; path = BadgeBackground.swift; sourceTree = "<group>"; };
		0507F02B271991BE0087A8BC /* Badge.swift */ = {isa = PBXFileReference; fileEncoding = 4; lastKnownFileType = sourcecode.swift; path = Badge.swift; sourceTree = "<group>"; };
		05085C392719EBC50091217C /* hikeData.json */ = {isa = PBXFileReference; fileEncoding = 4; lastKnownFileType = text.json; path = hikeData.json; sourceTree = "<group>"; };
		05085C3B2719EC2D0091217C /* Hike.swift */ = {isa = PBXFileReference; lastKnownFileType = sourcecode.swift; path = Hike.swift; sourceTree = "<group>"; };
		05085C3E2719EEB20091217C /* GraphCapsule.swift */ = {isa = PBXFileReference; fileEncoding = 4; lastKnownFileType = sourcecode.swift; path = GraphCapsule.swift; sourceTree = "<group>"; };
		05085C3F2719EEB20091217C /* HikeGraph.swift */ = {isa = PBXFileReference; fileEncoding = 4; lastKnownFileType = sourcecode.swift; path = HikeGraph.swift; sourceTree = "<group>"; };
		05085C402719EEB20091217C /* HikeDetail.swift */ = {isa = PBXFileReference; fileEncoding = 4; lastKnownFileType = sourcecode.swift; path = HikeDetail.swift; sourceTree = "<group>"; };
		05085C412719EEB20091217C /* HikeView.swift */ = {isa = PBXFileReference; fileEncoding = 4; lastKnownFileType = sourcecode.swift; path = HikeView.swift; sourceTree = "<group>"; };
		05AAF867271739E9007C7CFE /* LandmarkApp.app */ = {isa = PBXFileReference; explicitFileType = wrapper.application; includeInIndex = 0; path = LandmarkApp.app; sourceTree = BUILT_PRODUCTS_DIR; };
		05AAF86A271739E9007C7CFE /* LandmarksApp.swift */ = {isa = PBXFileReference; lastKnownFileType = sourcecode.swift; path = LandmarksApp.swift; sourceTree = "<group>"; };
		05AAF86C271739E9007C7CFE /* ContentView.swift */ = {isa = PBXFileReference; lastKnownFileType = sourcecode.swift; path = ContentView.swift; sourceTree = "<group>"; };
		05AAF86E271739EB007C7CFE /* Assets.xcassets */ = {isa = PBXFileReference; lastKnownFileType = folder.assetcatalog; path = Assets.xcassets; sourceTree = "<group>"; };
		05AAF871271739EB007C7CFE /* Preview Assets.xcassets */ = {isa = PBXFileReference; lastKnownFileType = folder.assetcatalog; path = "Preview Assets.xcassets"; sourceTree = "<group>"; };
		05AAF87827173E51007C7CFE /* CircleImage.swift */ = {isa = PBXFileReference; lastKnownFileType = sourcecode.swift; path = CircleImage.swift; sourceTree = "<group>"; };
		05AAF87A27174130007C7CFE /* MapView.swift */ = {isa = PBXFileReference; lastKnownFileType = sourcecode.swift; path = MapView.swift; sourceTree = "<group>"; };
		05AAF87C27174759007C7CFE /* landmarkData.json */ = {isa = PBXFileReference; fileEncoding = 4; lastKnownFileType = text.json; path = landmarkData.json; sourceTree = "<group>"; };
		05AAF87E27174785007C7CFE /* Landmark.swift */ = {isa = PBXFileReference; lastKnownFileType = sourcecode.swift; path = Landmark.swift; sourceTree = "<group>"; };
		05AAF88027174B8E007C7CFE /* ModelData.swift */ = {isa = PBXFileReference; lastKnownFileType = sourcecode.swift; path = ModelData.swift; sourceTree = "<group>"; };
		05AAF885271750CD007C7CFE /* LandmarkRow.swift */ = {isa = PBXFileReference; lastKnownFileType = sourcecode.swift; path = LandmarkRow.swift; sourceTree = "<group>"; };
		05AAF887271752FA007C7CFE /* LandmarkList.swift */ = {isa = PBXFileReference; lastKnownFileType = sourcecode.swift; path = LandmarkList.swift; sourceTree = "<group>"; };
		05AAF889271755FD007C7CFE /* LandmarkDetail.swift */ = {isa = PBXFileReference; lastKnownFileType = sourcecode.swift; path = LandmarkDetail.swift; sourceTree = "<group>"; };
		05C2D09F271B218D0025FA3C /* CategoryHome.swift */ = {isa = PBXFileReference; lastKnownFileType = sourcecode.swift; path = CategoryHome.swift; sourceTree = "<group>"; };
		05C2D0A1271B33A80025FA3C /* CategoryRow.swift */ = {isa = PBXFileReference; lastKnownFileType = sourcecode.swift; path = CategoryRow.swift; sourceTree = "<group>"; };
		05C2D0A3271B38310025FA3C /* CategoryItem.swift */ = {isa = PBXFileReference; lastKnownFileType = sourcecode.swift; path = CategoryItem.swift; sourceTree = "<group>"; };
		05C2D0A5271B4AFC0025FA3C /* Profile.swift */ = {isa = PBXFileReference; lastKnownFileType = sourcecode.swift; path = Profile.swift; sourceTree = "<group>"; };
		05C2D0A8271B4C880025FA3C /* ProfileHost.swift */ = {isa = PBXFileReference; lastKnownFileType = sourcecode.swift; path = ProfileHost.swift; sourceTree = "<group>"; };
		05C2D0AA271B4DA20025FA3C /* ProfileSummary.swift */ = {isa = PBXFileReference; lastKnownFileType = sourcecode.swift; path = ProfileSummary.swift; sourceTree = "<group>"; };
		05C2D0AC271B50830025FA3C /* HikeBadge.swift */ = {isa = PBXFileReference; lastKnownFileType = sourcecode.swift; path = HikeBadge.swift; sourceTree = "<group>"; };
		05CE929F27189C9F00D3F481 /* FavoriteButton.swift */ = {isa = PBXFileReference; lastKnownFileType = sourcecode.swift; path = FavoriteButton.swift; sourceTree = "<group>"; };
		05D9B45027207D1B003CAD08 /* WatchLandmarks.app */ = {isa = PBXFileReference; explicitFileType = wrapper.application; includeInIndex = 0; path = WatchLandmarks.app; sourceTree = BUILT_PRODUCTS_DIR; };
		05D9B45227207D1E003CAD08 /* Assets.xcassets */ = {isa = PBXFileReference; lastKnownFileType = folder.assetcatalog; path = Assets.xcassets; sourceTree = "<group>"; };
		05D9B45827207D1E003CAD08 /* WatchLandmarks WatchKit Extension.appex */ = {isa = PBXFileReference; explicitFileType = "wrapper.app-extension"; includeInIndex = 0; path = "WatchLandmarks WatchKit Extension.appex"; sourceTree = BUILT_PRODUCTS_DIR; };
		05D9B45F27207D1E003CAD08 /* ContentView.swift */ = {isa = PBXFileReference; lastKnownFileType = sourcecode.swift; path = ContentView.swift; sourceTree = "<group>"; };
		05D9B46127207D1E003CAD08 /* NotificationController.swift */ = {isa = PBXFileReference; lastKnownFileType = sourcecode.swift; path = NotificationController.swift; sourceTree = "<group>"; };
		05D9B46327207D1E003CAD08 /* NotificationView.swift */ = {isa = PBXFileReference; lastKnownFileType = sourcecode.swift; path = NotificationView.swift; sourceTree = "<group>"; };
		05D9B46527207D1E003CAD08 /* ComplicationController.swift */ = {isa = PBXFileReference; lastKnownFileType = sourcecode.swift; path = ComplicationController.swift; sourceTree = "<group>"; };
		05D9B46727207D1F003CAD08 /* Assets.xcassets */ = {isa = PBXFileReference; lastKnownFileType = folder.assetcatalog; path = Assets.xcassets; sourceTree = "<group>"; };
		05D9B46A27207D1F003CAD08 /* Preview Assets.xcassets */ = {isa = PBXFileReference; lastKnownFileType = folder.assetcatalog; path = "Preview Assets.xcassets"; sourceTree = "<group>"; };
		05D9B46C27207D1F003CAD08 /* Info.plist */ = {isa = PBXFileReference; lastKnownFileType = text.plist.xml; path = Info.plist; sourceTree = "<group>"; };
		05D9B46D27207D1F003CAD08 /* PushNotificationPayload.apns */ = {isa = PBXFileReference; lastKnownFileType = text; path = PushNotificationPayload.apns; sourceTree = "<group>"; };
		05D9B489272089A6003CAD08 /* LandmarkDetail.swift */ = {isa = PBXFileReference; lastKnownFileType = sourcecode.swift; path = LandmarkDetail.swift; sourceTree = "<group>"; };
		05EEEFE9272F266F00BCCEB6 /* MacLandmarks.app */ = {isa = PBXFileReference; explicitFileType = wrapper.application; includeInIndex = 0; path = MacLandmarks.app; sourceTree = BUILT_PRODUCTS_DIR; };
		05EEEFED272F266F00BCCEB6 /* ContentView.swift */ = {isa = PBXFileReference; lastKnownFileType = sourcecode.swift; path = ContentView.swift; sourceTree = "<group>"; };
		05EEEFEF272F267100BCCEB6 /* Assets.xcassets */ = {isa = PBXFileReference; lastKnownFileType = folder.assetcatalog; path = Assets.xcassets; sourceTree = "<group>"; };
		05EEEFF2272F267100BCCEB6 /* Preview Assets.xcassets */ = {isa = PBXFileReference; lastKnownFileType = folder.assetcatalog; path = "Preview Assets.xcassets"; sourceTree = "<group>"; };
		05EEEFF4272F267100BCCEB6 /* MacLandmarks.entitlements */ = {isa = PBXFileReference; lastKnownFileType = text.plist.entitlements; path = MacLandmarks.entitlements; sourceTree = "<group>"; };
		05F4E30C271D92E800EF653F /* ProfileEditor.swift */ = {isa = PBXFileReference; lastKnownFileType = sourcecode.swift; path = ProfileEditor.swift; sourceTree = "<group>"; };
/* End PBXFileReference section */

/* Begin PBXFrameworksBuildPhase section */
		05AAF864271739E9007C7CFE /* Frameworks */ = {
			isa = PBXFrameworksBuildPhase;
			buildActionMask = 2147483647;
			files = (
			);
			runOnlyForDeploymentPostprocessing = 0;
		};
		05D9B45527207D1E003CAD08 /* Frameworks */ = {
			isa = PBXFrameworksBuildPhase;
			buildActionMask = 2147483647;
			files = (
			);
			runOnlyForDeploymentPostprocessing = 0;
		};
		05EEEFE6272F266F00BCCEB6 /* Frameworks */ = {
			isa = PBXFrameworksBuildPhase;
			buildActionMask = 2147483647;
			files = (
			);
			runOnlyForDeploymentPostprocessing = 0;
		};
/* End PBXFrameworksBuildPhase section */

/* Begin PBXGroup section */
		0502DE03271F26D50076C1EF /* PageView */ = {
			isa = PBXGroup;
			children = (
				0502DE04271F26FE0076C1EF /* PageViewController.swift */,
				0502DE08271F2E850076C1EF /* PageView.swift */,
				0502DE0A271F472F0076C1EF /* PageControl.swift */,
			);
			path = PageView;
			sourceTree = "<group>";
		};
		0507F026271991BE0087A8BC /* Badges */ = {
			isa = PBXGroup;
			children = (
				0507F027271991BE0087A8BC /* RotatedBadgeSymbol.swift */,
				0507F028271991BE0087A8BC /* HexagonParameters.swift */,
				0507F029271991BE0087A8BC /* BadgeSymbol.swift */,
				0507F02A271991BE0087A8BC /* BadgeBackground.swift */,
				0507F02B271991BE0087A8BC /* Badge.swift */,
			);
			path = Badges;
			sourceTree = "<group>";
		};
		05085C3D2719EEB20091217C /* Hikes */ = {
			isa = PBXGroup;
			children = (
				05085C3E2719EEB20091217C /* GraphCapsule.swift */,
				05085C3F2719EEB20091217C /* HikeGraph.swift */,
				05085C402719EEB20091217C /* HikeDetail.swift */,
				05085C412719EEB20091217C /* HikeView.swift */,
				05C2D0AC271B50830025FA3C /* HikeBadge.swift */,
			);
			path = Hikes;
			sourceTree = "<group>";
		};
		05AAF85E271739E9007C7CFE = {
			isa = PBXGroup;
			children = (
				05AAF869271739E9007C7CFE /* landmarkapp */,
				05D9B45127207D1B003CAD08 /* WatchLandmarks */,
				05D9B45C27207D1E003CAD08 /* WatchLandmarks WatchKit Extension */,
				05EEEFEA272F266F00BCCEB6 /* MacLandmarks */,
				05AAF868271739E9007C7CFE /* Products */,
			);
			sourceTree = "<group>";
		};
		05AAF868271739E9007C7CFE /* Products */ = {
			isa = PBXGroup;
			children = (
				05AAF867271739E9007C7CFE /* LandmarkApp.app */,
				05D9B45027207D1B003CAD08 /* WatchLandmarks.app */,
				05D9B45827207D1E003CAD08 /* WatchLandmarks WatchKit Extension.appex */,
				05EEEFE9272F266F00BCCEB6 /* MacLandmarks.app */,
			);
			name = Products;
			sourceTree = "<group>";
		};
		05AAF869271739E9007C7CFE /* landmarkapp */ = {
			isa = PBXGroup;
			children = (
				05AAF86A271739E9007C7CFE /* LandmarksApp.swift */,
				05AAF88427174EF0007C7CFE /* Views */,
				05AAF88327174E82007C7CFE /* Model */,
				05AAF88227174E6D007C7CFE /* Resources */,
				05AAF86E271739EB007C7CFE /* Assets.xcassets */,
				05AAF870271739EB007C7CFE /* Preview Content */,
			);
			path = landmarkapp;
			sourceTree = "<group>";
		};
		05AAF870271739EB007C7CFE /* Preview Content */ = {
			isa = PBXGroup;
			children = (
				05AAF871271739EB007C7CFE /* Preview Assets.xcassets */,
			);
			path = "Preview Content";
			sourceTree = "<group>";
		};
		05AAF88227174E6D007C7CFE /* Resources */ = {
			isa = PBXGroup;
			children = (
				05AAF87C27174759007C7CFE /* landmarkData.json */,
				05085C392719EBC50091217C /* hikeData.json */,
			);
			path = Resources;
			sourceTree = "<group>";
		};
		05AAF88327174E82007C7CFE /* Model */ = {
			isa = PBXGroup;
			children = (
				05AAF88027174B8E007C7CFE /* ModelData.swift */,
				05AAF87E27174785007C7CFE /* Landmark.swift */,
				05085C3B2719EC2D0091217C /* Hike.swift */,
				05C2D0A5271B4AFC0025FA3C /* Profile.swift */,
			);
			path = Model;
			sourceTree = "<group>";
		};
		05AAF88427174EF0007C7CFE /* Views */ = {
			isa = PBXGroup;
			children = (
				05AAF86C271739E9007C7CFE /* ContentView.swift */,
				0502DE03271F26D50076C1EF /* PageView */,
				05C2D0A7271B4C680025FA3C /* Profile */,
				05C2D09E271B210A0025FA3C /* Category */,
				05085C3D2719EEB20091217C /* Hikes */,
				0507F026271991BE0087A8BC /* Badges */,
				05CE92A127189DF000D3F481 /* Landmarks */,
				05CE92A227189E0300D3F481 /* Healpers */,
			);
			path = Views;
			sourceTree = "<group>";
		};
		05C2D09E271B210A0025FA3C /* Category */ = {
			isa = PBXGroup;
			children = (
				05C2D09F271B218D0025FA3C /* CategoryHome.swift */,
				05C2D0A1271B33A80025FA3C /* CategoryRow.swift */,
				05C2D0A3271B38310025FA3C /* CategoryItem.swift */,
				0502DE06271F2ACA0076C1EF /* FeatureCard.swift */,
			);
			path = Category;
			sourceTree = "<group>";
		};
		05C2D0A7271B4C680025FA3C /* Profile */ = {
			isa = PBXGroup;
			children = (
				05C2D0A8271B4C880025FA3C /* ProfileHost.swift */,
				05C2D0AA271B4DA20025FA3C /* ProfileSummary.swift */,
				05F4E30C271D92E800EF653F /* ProfileEditor.swift */,
			);
			path = Profile;
			sourceTree = "<group>";
		};
		05CE92A127189DF000D3F481 /* Landmarks */ = {
			isa = PBXGroup;
			children = (
				05AAF887271752FA007C7CFE /* LandmarkList.swift */,
				05AAF885271750CD007C7CFE /* LandmarkRow.swift */,
				05AAF889271755FD007C7CFE /* LandmarkDetail.swift */,
			);
			path = Landmarks;
			sourceTree = "<group>";
		};
		05CE92A227189E0300D3F481 /* Healpers */ = {
			isa = PBXGroup;
			children = (
				05AAF87A27174130007C7CFE /* MapView.swift */,
				05AAF87827173E51007C7CFE /* CircleImage.swift */,
				05CE929F27189C9F00D3F481 /* FavoriteButton.swift */,
			);
			path = Healpers;
			sourceTree = "<group>";
		};
		05D9B45127207D1B003CAD08 /* WatchLandmarks */ = {
			isa = PBXGroup;
			children = (
				05D9B45227207D1E003CAD08 /* Assets.xcassets */,
			);
			path = WatchLandmarks;
			sourceTree = "<group>";
		};
		05D9B45C27207D1E003CAD08 /* WatchLandmarks WatchKit Extension */ = {
			isa = PBXGroup;
			children = (
				05D9B45F27207D1E003CAD08 /* ContentView.swift */,
				05D9B489272089A6003CAD08 /* LandmarkDetail.swift */,
				05D9B46127207D1E003CAD08 /* NotificationController.swift */,
				05D9B46327207D1E003CAD08 /* NotificationView.swift */,
				05D9B46527207D1E003CAD08 /* ComplicationController.swift */,
				05D9B46727207D1F003CAD08 /* Assets.xcassets */,
				05D9B46C27207D1F003CAD08 /* Info.plist */,
				05D9B46D27207D1F003CAD08 /* PushNotificationPayload.apns */,
				05D9B46927207D1F003CAD08 /* Preview Content */,
			);
			path = "WatchLandmarks WatchKit Extension";
			sourceTree = "<group>";
		};
		05D9B46927207D1F003CAD08 /* Preview Content */ = {
			isa = PBXGroup;
			children = (
				05D9B46A27207D1F003CAD08 /* Preview Assets.xcassets */,
			);
			path = "Preview Content";
			sourceTree = "<group>";
		};
		05EEEFEA272F266F00BCCEB6 /* MacLandmarks */ = {
			isa = PBXGroup;
			children = (
				05EEEFED272F266F00BCCEB6 /* ContentView.swift */,
				05EEEFEF272F267100BCCEB6 /* Assets.xcassets */,
				05EEEFF4272F267100BCCEB6 /* MacLandmarks.entitlements */,
				05EEEFF1272F267100BCCEB6 /* Preview Content */,
			);
			path = MacLandmarks;
			sourceTree = "<group>";
		};
		05EEEFF1272F267100BCCEB6 /* Preview Content */ = {
			isa = PBXGroup;
			children = (
				05EEEFF2272F267100BCCEB6 /* Preview Assets.xcassets */,
			);
			path = "Preview Content";
			sourceTree = "<group>";
		};
/* End PBXGroup section */

/* Begin PBXNativeTarget section */
		05AAF866271739E9007C7CFE /* landmarkapp */ = {
			isa = PBXNativeTarget;
			buildConfigurationList = 05AAF875271739EB007C7CFE /* Build configuration list for PBXNativeTarget "landmarkapp" */;
			buildPhases = (
				05AAF863271739E9007C7CFE /* Sources */,
				05AAF864271739E9007C7CFE /* Frameworks */,
				05AAF865271739E9007C7CFE /* Resources */,
				05D9B47827207D1F003CAD08 /* Embed Watch Content */,
			);
			buildRules = (
			);
			dependencies = (
				05D9B46F27207D1F003CAD08 /* PBXTargetDependency */,
			);
			name = landmarkapp;
			productName = landmarkapp;
			productReference = 05AAF867271739E9007C7CFE /* LandmarkApp.app */;
			productType = "com.apple.product-type.application";
		};
		05D9B44F27207D1B003CAD08 /* WatchLandmarks */ = {
			isa = PBXNativeTarget;
			buildConfigurationList = 05D9B47527207D1F003CAD08 /* Build configuration list for PBXNativeTarget "WatchLandmarks" */;
			buildPhases = (
				05D9B44E27207D1B003CAD08 /* Resources */,
				05D9B47427207D1F003CAD08 /* Embed App Extensions */,
			);
			buildRules = (
			);
			dependencies = (
				05D9B45B27207D1E003CAD08 /* PBXTargetDependency */,
			);
			name = WatchLandmarks;
			productName = WatchLandmarks;
			productReference = 05D9B45027207D1B003CAD08 /* WatchLandmarks.app */;
			productType = "com.apple.product-type.application.watchapp2";
		};
		05D9B45727207D1E003CAD08 /* WatchLandmarks WatchKit Extension */ = {
			isa = PBXNativeTarget;
			buildConfigurationList = 05D9B47127207D1F003CAD08 /* Build configuration list for PBXNativeTarget "WatchLandmarks WatchKit Extension" */;
			buildPhases = (
				05D9B45427207D1E003CAD08 /* Sources */,
				05D9B45527207D1E003CAD08 /* Frameworks */,
				05D9B45627207D1E003CAD08 /* Resources */,
			);
			buildRules = (
			);
			dependencies = (
			);
			name = "WatchLandmarks WatchKit Extension";
			productName = "WatchLandmarks WatchKit Extension";
			productReference = 05D9B45827207D1E003CAD08 /* WatchLandmarks WatchKit Extension.appex */;
			productType = "com.apple.product-type.watchkit2-extension";
		};
		05EEEFE8272F266F00BCCEB6 /* MacLandmarks */ = {
			isa = PBXNativeTarget;
			buildConfigurationList = 05EEEFF5272F267100BCCEB6 /* Build configuration list for PBXNativeTarget "MacLandmarks" */;
			buildPhases = (
				05EEEFE5272F266F00BCCEB6 /* Sources */,
				05EEEFE6272F266F00BCCEB6 /* Frameworks */,
				05EEEFE7272F266F00BCCEB6 /* Resources */,
			);
			buildRules = (
			);
			dependencies = (
			);
			name = MacLandmarks;
			productName = MacLandmarks;
			productReference = 05EEEFE9272F266F00BCCEB6 /* MacLandmarks.app */;
			productType = "com.apple.product-type.application";
		};
/* End PBXNativeTarget section */

/* Begin PBXProject section */
		05AAF85F271739E9007C7CFE /* Project object */ = {
			isa = PBXProject;
			attributes = {
				BuildIndependentTargetsInParallel = 1;
				LastSwiftUpdateCheck = 1310;
				LastUpgradeCheck = 1310;
				TargetAttributes = {
					05AAF866271739E9007C7CFE = {
						CreatedOnToolsVersion = 13.0;
					};
					05D9B44F27207D1B003CAD08 = {
						CreatedOnToolsVersion = 13.0;
					};
					05D9B45727207D1E003CAD08 = {
						CreatedOnToolsVersion = 13.0;
					};
					05EEEFE8272F266F00BCCEB6 = {
						CreatedOnToolsVersion = 13.1;
					};
				};
			};
			buildConfigurationList = 05AAF862271739E9007C7CFE /* Build configuration list for PBXProject "landmarkapp" */;
			compatibilityVersion = "Xcode 13.0";
			developmentRegion = en;
			hasScannedForEncodings = 0;
			knownRegions = (
				en,
				Base,
			);
			mainGroup = 05AAF85E271739E9007C7CFE;
			productRefGroup = 05AAF868271739E9007C7CFE /* Products */;
			projectDirPath = "";
			projectRoot = "";
			targets = (
				05AAF866271739E9007C7CFE /* landmarkapp */,
				05D9B44F27207D1B003CAD08 /* WatchLandmarks */,
				05D9B45727207D1E003CAD08 /* WatchLandmarks WatchKit Extension */,
				05EEEFE8272F266F00BCCEB6 /* MacLandmarks */,
			);
		};
/* End PBXProject section */

/* Begin PBXResourcesBuildPhase section */
		05AAF865271739E9007C7CFE /* Resources */ = {
			isa = PBXResourcesBuildPhase;
			buildActionMask = 2147483647;
			files = (
				05085C3A2719EBC50091217C /* hikeData.json in Resources */,
				05AAF872271739EB007C7CFE /* Preview Assets.xcassets in Resources */,
				05AAF86F271739EB007C7CFE /* Assets.xcassets in Resources */,
				05AAF87D27174759007C7CFE /* landmarkData.json in Resources */,
			);
			runOnlyForDeploymentPostprocessing = 0;
		};
		05D9B44E27207D1B003CAD08 /* Resources */ = {
			isa = PBXResourcesBuildPhase;
			buildActionMask = 2147483647;
			files = (
				05D9B45327207D1E003CAD08 /* Assets.xcassets in Resources */,
			);
			runOnlyForDeploymentPostprocessing = 0;
		};
		05D9B45627207D1E003CAD08 /* Resources */ = {
			isa = PBXResourcesBuildPhase;
			buildActionMask = 2147483647;
			files = (
				05D9B46B27207D1F003CAD08 /* Preview Assets.xcassets in Resources */,
				05D9B46827207D1F003CAD08 /* Assets.xcassets in Resources */,
				05D9B47F27208736003CAD08 /* Assets.xcassets in Resources */,
				05D9B47E27208736003CAD08 /* landmarkData.json in Resources */,
				05D9B48027208736003CAD08 /* hikeData.json in Resources */,
			);
			runOnlyForDeploymentPostprocessing = 0;
		};
		05EEEFE7272F266F00BCCEB6 /* Resources */ = {
			isa = PBXResourcesBuildPhase;
			buildActionMask = 2147483647;
			files = (
				05EEEFF3272F267100BCCEB6 /* Preview Assets.xcassets in Resources */,
				05EEEFF0272F267100BCCEB6 /* Assets.xcassets in Resources */,
			);
			runOnlyForDeploymentPostprocessing = 0;
		};
/* End PBXResourcesBuildPhase section */

/* Begin PBXSourcesBuildPhase section */
		05AAF863271739E9007C7CFE /* Sources */ = {
			isa = PBXSourcesBuildPhase;
			buildActionMask = 2147483647;
			files = (
				05C2D0A2271B33A80025FA3C /* CategoryRow.swift in Sources */,
				05C2D0A6271B4AFC0025FA3C /* Profile.swift in Sources */,
				0507F02D271991BE0087A8BC /* HexagonParameters.swift in Sources */,
				05085C432719EEB30091217C /* HikeGraph.swift in Sources */,
				0502DE07271F2ACA0076C1EF /* FeatureCard.swift in Sources */,
				0507F030271991BE0087A8BC /* Badge.swift in Sources */,
				05AAF86D271739E9007C7CFE /* ContentView.swift in Sources */,
				05085C422719EEB30091217C /* GraphCapsule.swift in Sources */,
				05C2D0A4271B38310025FA3C /* CategoryItem.swift in Sources */,
				05AAF87B27174130007C7CFE /* MapView.swift in Sources */,
				0507F02C271991BE0087A8BC /* RotatedBadgeSymbol.swift in Sources */,
				05085C442719EEB30091217C /* HikeDetail.swift in Sources */,
				05C2D0AD271B50830025FA3C /* HikeBadge.swift in Sources */,
				05C2D0A0271B218D0025FA3C /* CategoryHome.swift in Sources */,
				05C2D0AB271B4DA20025FA3C /* ProfileSummary.swift in Sources */,
				05AAF86B271739E9007C7CFE /* LandmarksApp.swift in Sources */,
				05C2D0A9271B4C880025FA3C /* ProfileHost.swift in Sources */,
				05085C3C2719EC2D0091217C /* Hike.swift in Sources */,
				0502DE09271F2E850076C1EF /* PageView.swift in Sources */,
				0507F02E271991BE0087A8BC /* BadgeSymbol.swift in Sources */,
				05F4E30D271D92E800EF653F /* ProfileEditor.swift in Sources */,
				05CE92A027189C9F00D3F481 /* FavoriteButton.swift in Sources */,
				05AAF888271752FA007C7CFE /* LandmarkList.swift in Sources */,
				0502DE0B271F472F0076C1EF /* PageControl.swift in Sources */,
				05085C452719EEB30091217C /* HikeView.swift in Sources */,
				0502DE05271F26FE0076C1EF /* PageViewController.swift in Sources */,
				05AAF88A271755FD007C7CFE /* LandmarkDetail.swift in Sources */,
				0507F02F271991BE0087A8BC /* BadgeBackground.swift in Sources */,
				05AAF87927173E51007C7CFE /* CircleImage.swift in Sources */,
				05AAF87F27174785007C7CFE /* Landmark.swift in Sources */,
				05AAF886271750CD007C7CFE /* LandmarkRow.swift in Sources */,
				05AAF88127174B8E007C7CFE /* ModelData.swift in Sources */,
			);
			runOnlyForDeploymentPostprocessing = 0;
		};
		05D9B45427207D1E003CAD08 /* Sources */ = {
			isa = PBXSourcesBuildPhase;
			buildActionMask = 2147483647;
			files = (
				05D9B46227207D1E003CAD08 /* NotificationController.swift in Sources */,
				05D9B48427208736003CAD08 /* LandmarkRow.swift in Sources */,
				05D9B48327208736003CAD08 /* MapView.swift in Sources */,
				05D9B47C27208736003CAD08 /* Profile.swift in Sources */,
				05D9B46027207D1E003CAD08 /* ContentView.swift in Sources */,
				05D9B46627207D1E003CAD08 /* ComplicationController.swift in Sources */,
				05D9B48A272089A6003CAD08 /* LandmarkDetail.swift in Sources */,
				05D9B47B27208736003CAD08 /* Hike.swift in Sources */,
				05D9B47D27208736003CAD08 /* CircleImage.swift in Sources */,
				05D9B47927208736003CAD08 /* LandmarksApp.swift in Sources */,
				05D9B48227208736003CAD08 /* ModelData.swift in Sources */,
				05D9B46427207D1E003CAD08 /* NotificationView.swift in Sources */,
				05D9B47A27208736003CAD08 /* Landmark.swift in Sources */,
				05D9B48127208736003CAD08 /* LandmarkList.swift in Sources */,
			);
			runOnlyForDeploymentPostprocessing = 0;
		};
		05EEEFE5272F266F00BCCEB6 /* Sources */ = {
			isa = PBXSourcesBuildPhase;
			buildActionMask = 2147483647;
			files = (
				05EEEFEE272F266F00BCCEB6 /* ContentView.swift in Sources */,
			);
			runOnlyForDeploymentPostprocessing = 0;
		};
/* End PBXSourcesBuildPhase section */

/* Begin PBXTargetDependency section */
		05D9B45B27207D1E003CAD08 /* PBXTargetDependency */ = {
			isa = PBXTargetDependency;
			target = 05D9B45727207D1E003CAD08 /* WatchLandmarks WatchKit Extension */;
			targetProxy = 05D9B45A27207D1E003CAD08 /* PBXContainerItemProxy */;
		};
		05D9B46F27207D1F003CAD08 /* PBXTargetDependency */ = {
			isa = PBXTargetDependency;
			target = 05D9B44F27207D1B003CAD08 /* WatchLandmarks */;
			targetProxy = 05D9B46E27207D1F003CAD08 /* PBXContainerItemProxy */;
		};
/* End PBXTargetDependency section */

/* Begin XCBuildConfiguration section */
		05AAF873271739EB007C7CFE /* Debug */ = {
			isa = XCBuildConfiguration;
			buildSettings = {
				ALWAYS_SEARCH_USER_PATHS = NO;
				CLANG_ANALYZER_NONNULL = YES;
				CLANG_ANALYZER_NUMBER_OBJECT_CONVERSION = YES_AGGRESSIVE;
				CLANG_CXX_LANGUAGE_STANDARD = "gnu++17";
				CLANG_CXX_LIBRARY = "libc++";
				CLANG_ENABLE_MODULES = YES;
				CLANG_ENABLE_OBJC_ARC = YES;
				CLANG_ENABLE_OBJC_WEAK = YES;
				CLANG_WARN_BLOCK_CAPTURE_AUTORELEASING = YES;
				CLANG_WARN_BOOL_CONVERSION = YES;
				CLANG_WARN_COMMA = YES;
				CLANG_WARN_CONSTANT_CONVERSION = YES;
				CLANG_WARN_DEPRECATED_OBJC_IMPLEMENTATIONS = YES;
				CLANG_WARN_DIRECT_OBJC_ISA_USAGE = YES_ERROR;
				CLANG_WARN_DOCUMENTATION_COMMENTS = YES;
				CLANG_WARN_EMPTY_BODY = YES;
				CLANG_WARN_ENUM_CONVERSION = YES;
				CLANG_WARN_INFINITE_RECURSION = YES;
				CLANG_WARN_INT_CONVERSION = YES;
				CLANG_WARN_NON_LITERAL_NULL_CONVERSION = YES;
				CLANG_WARN_OBJC_IMPLICIT_RETAIN_SELF = YES;
				CLANG_WARN_OBJC_LITERAL_CONVERSION = YES;
				CLANG_WARN_OBJC_ROOT_CLASS = YES_ERROR;
				CLANG_WARN_QUOTED_INCLUDE_IN_FRAMEWORK_HEADER = YES;
				CLANG_WARN_RANGE_LOOP_ANALYSIS = YES;
				CLANG_WARN_STRICT_PROTOTYPES = YES;
				CLANG_WARN_SUSPICIOUS_MOVE = YES;
				CLANG_WARN_UNGUARDED_AVAILABILITY = YES_AGGRESSIVE;
				CLANG_WARN_UNREACHABLE_CODE = YES;
				CLANG_WARN__DUPLICATE_METHOD_MATCH = YES;
				COPY_PHASE_STRIP = NO;
				DEBUG_INFORMATION_FORMAT = dwarf;
				ENABLE_STRICT_OBJC_MSGSEND = YES;
				ENABLE_TESTABILITY = YES;
				GCC_C_LANGUAGE_STANDARD = gnu11;
				GCC_DYNAMIC_NO_PIC = NO;
				GCC_NO_COMMON_BLOCKS = YES;
				GCC_OPTIMIZATION_LEVEL = 0;
				GCC_PREPROCESSOR_DEFINITIONS = (
					"DEBUG=1",
					"$(inherited)",
				);
				GCC_WARN_64_TO_32_BIT_CONVERSION = YES;
				GCC_WARN_ABOUT_RETURN_TYPE = YES_ERROR;
				GCC_WARN_UNDECLARED_SELECTOR = YES;
				GCC_WARN_UNINITIALIZED_AUTOS = YES_AGGRESSIVE;
				GCC_WARN_UNUSED_FUNCTION = YES;
				GCC_WARN_UNUSED_VARIABLE = YES;
				IPHONEOS_DEPLOYMENT_TARGET = 15.0;
				MTL_ENABLE_DEBUG_INFO = INCLUDE_SOURCE;
				MTL_FAST_MATH = YES;
				ONLY_ACTIVE_ARCH = YES;
				SDKROOT = iphoneos;
				SWIFT_ACTIVE_COMPILATION_CONDITIONS = DEBUG;
				SWIFT_OPTIMIZATION_LEVEL = "-Onone";
			};
			name = Debug;
		};
		05AAF874271739EB007C7CFE /* Release */ = {
			isa = XCBuildConfiguration;
			buildSettings = {
				ALWAYS_SEARCH_USER_PATHS = NO;
				CLANG_ANALYZER_NONNULL = YES;
				CLANG_ANALYZER_NUMBER_OBJECT_CONVERSION = YES_AGGRESSIVE;
				CLANG_CXX_LANGUAGE_STANDARD = "gnu++17";
				CLANG_CXX_LIBRARY = "libc++";
				CLANG_ENABLE_MODULES = YES;
				CLANG_ENABLE_OBJC_ARC = YES;
				CLANG_ENABLE_OBJC_WEAK = YES;
				CLANG_WARN_BLOCK_CAPTURE_AUTORELEASING = YES;
				CLANG_WARN_BOOL_CONVERSION = YES;
				CLANG_WARN_COMMA = YES;
				CLANG_WARN_CONSTANT_CONVERSION = YES;
				CLANG_WARN_DEPRECATED_OBJC_IMPLEMENTATIONS = YES;
				CLANG_WARN_DIRECT_OBJC_ISA_USAGE = YES_ERROR;
				CLANG_WARN_DOCUMENTATION_COMMENTS = YES;
				CLANG_WARN_EMPTY_BODY = YES;
				CLANG_WARN_ENUM_CONVERSION = YES;
				CLANG_WARN_INFINITE_RECURSION = YES;
				CLANG_WARN_INT_CONVERSION = YES;
				CLANG_WARN_NON_LITERAL_NULL_CONVERSION = YES;
				CLANG_WARN_OBJC_IMPLICIT_RETAIN_SELF = YES;
				CLANG_WARN_OBJC_LITERAL_CONVERSION = YES;
				CLANG_WARN_OBJC_ROOT_CLASS = YES_ERROR;
				CLANG_WARN_QUOTED_INCLUDE_IN_FRAMEWORK_HEADER = YES;
				CLANG_WARN_RANGE_LOOP_ANALYSIS = YES;
				CLANG_WARN_STRICT_PROTOTYPES = YES;
				CLANG_WARN_SUSPICIOUS_MOVE = YES;
				CLANG_WARN_UNGUARDED_AVAILABILITY = YES_AGGRESSIVE;
				CLANG_WARN_UNREACHABLE_CODE = YES;
				CLANG_WARN__DUPLICATE_METHOD_MATCH = YES;
				COPY_PHASE_STRIP = NO;
				DEBUG_INFORMATION_FORMAT = "dwarf-with-dsym";
				ENABLE_NS_ASSERTIONS = NO;
				ENABLE_STRICT_OBJC_MSGSEND = YES;
				GCC_C_LANGUAGE_STANDARD = gnu11;
				GCC_NO_COMMON_BLOCKS = YES;
				GCC_WARN_64_TO_32_BIT_CONVERSION = YES;
				GCC_WARN_ABOUT_RETURN_TYPE = YES_ERROR;
				GCC_WARN_UNDECLARED_SELECTOR = YES;
				GCC_WARN_UNINITIALIZED_AUTOS = YES_AGGRESSIVE;
				GCC_WARN_UNUSED_FUNCTION = YES;
				GCC_WARN_UNUSED_VARIABLE = YES;
				IPHONEOS_DEPLOYMENT_TARGET = 15.0;
				MTL_ENABLE_DEBUG_INFO = NO;
				MTL_FAST_MATH = YES;
				SDKROOT = iphoneos;
				SWIFT_COMPILATION_MODE = wholemodule;
				SWIFT_OPTIMIZATION_LEVEL = "-O";
				VALIDATE_PRODUCT = YES;
			};
			name = Release;
		};
		05AAF876271739EB007C7CFE /* Debug */ = {
			isa = XCBuildConfiguration;
			buildSettings = {
				ASSETCATALOG_COMPILER_APPICON_NAME = AppIcon;
				ASSETCATALOG_COMPILER_GLOBAL_ACCENT_COLOR_NAME = AccentColor;
				CODE_SIGN_STYLE = Automatic;
				CURRENT_PROJECT_VERSION = 1;
				DEVELOPMENT_ASSET_PATHS = "\"landmarkapp/Preview Content\"";
				DEVELOPMENT_TEAM = N4D3VSW55S;
				ENABLE_PREVIEWS = YES;
				GENERATE_INFOPLIST_FILE = YES;
				INFOPLIST_KEY_UIApplicationSceneManifest_Generation = YES;
				INFOPLIST_KEY_UIApplicationSupportsIndirectInputEvents = YES;
				INFOPLIST_KEY_UILaunchScreen_Generation = YES;
				INFOPLIST_KEY_UISupportedInterfaceOrientations_iPad = "UIInterfaceOrientationPortrait UIInterfaceOrientationPortraitUpsideDown UIInterfaceOrientationLandscapeLeft UIInterfaceOrientationLandscapeRight";
				INFOPLIST_KEY_UISupportedInterfaceOrientations_iPhone = "UIInterfaceOrientationPortrait UIInterfaceOrientationLandscapeLeft UIInterfaceOrientationLandscapeRight";
				IPHONEOS_DEPLOYMENT_TARGET = 14.0;
				LD_RUNPATH_SEARCH_PATHS = (
					"$(inherited)",
					"@executable_path/Frameworks",
				);
				MARKETING_VERSION = 1.0;
				PRODUCT_BUNDLE_IDENTIFIER = mint.landmarkapp;
				PRODUCT_NAME = LandmarkApp;
				SWIFT_EMIT_LOC_STRINGS = YES;
				SWIFT_VERSION = 5.0;
				TARGETED_DEVICE_FAMILY = "1,2";
			};
			name = Debug;
		};
		05AAF877271739EB007C7CFE /* Release */ = {
			isa = XCBuildConfiguration;
			buildSettings = {
				ASSETCATALOG_COMPILER_APPICON_NAME = AppIcon;
				ASSETCATALOG_COMPILER_GLOBAL_ACCENT_COLOR_NAME = AccentColor;
				CODE_SIGN_STYLE = Automatic;
				CURRENT_PROJECT_VERSION = 1;
				DEVELOPMENT_ASSET_PATHS = "\"landmarkapp/Preview Content\"";
				DEVELOPMENT_TEAM = N4D3VSW55S;
				ENABLE_PREVIEWS = YES;
				GENERATE_INFOPLIST_FILE = YES;
				INFOPLIST_KEY_UIApplicationSceneManifest_Generation = YES;
				INFOPLIST_KEY_UIApplicationSupportsIndirectInputEvents = YES;
				INFOPLIST_KEY_UILaunchScreen_Generation = YES;
				INFOPLIST_KEY_UISupportedInterfaceOrientations_iPad = "UIInterfaceOrientationPortrait UIInterfaceOrientationPortraitUpsideDown UIInterfaceOrientationLandscapeLeft UIInterfaceOrientationLandscapeRight";
				INFOPLIST_KEY_UISupportedInterfaceOrientations_iPhone = "UIInterfaceOrientationPortrait UIInterfaceOrientationLandscapeLeft UIInterfaceOrientationLandscapeRight";
				IPHONEOS_DEPLOYMENT_TARGET = 14.0;
				LD_RUNPATH_SEARCH_PATHS = (
					"$(inherited)",
					"@executable_path/Frameworks",
				);
				MARKETING_VERSION = 1.0;
				PRODUCT_BUNDLE_IDENTIFIER = mint.landmarkapp;
				PRODUCT_NAME = LandmarkApp;
				SWIFT_EMIT_LOC_STRINGS = YES;
				SWIFT_VERSION = 5.0;
				TARGETED_DEVICE_FAMILY = "1,2";
			};
			name = Release;
		};
		05D9B47227207D1F003CAD08 /* Debug */ = {
			isa = XCBuildConfiguration;
			buildSettings = {
				ASSETCATALOG_COMPILER_COMPLICATION_NAME = Complication;
				CODE_SIGN_STYLE = Automatic;
				CURRENT_PROJECT_VERSION = 1;
				DEVELOPMENT_ASSET_PATHS = "\"WatchLandmarks WatchKit Extension/Preview Content\"";
				DEVELOPMENT_TEAM = N4D3VSW55S;
				ENABLE_PREVIEWS = YES;
				GENERATE_INFOPLIST_FILE = YES;
				INFOPLIST_FILE = "WatchLandmarks WatchKit Extension/Info.plist";
				INFOPLIST_KEY_CFBundleDisplayName = "WatchLandmarks WatchKit Extension";
				INFOPLIST_KEY_CLKComplicationPrincipalClass = WatchLandmarks_WatchKit_Extension.ComplicationController;
				INFOPLIST_KEY_NSHumanReadableCopyright = "";
				INFOPLIST_KEY_WKRunsIndependentlyOfCompanionApp = YES;
				LD_RUNPATH_SEARCH_PATHS = (
					"$(inherited)",
					"@executable_path/Frameworks",
					"@executable_path/../../Frameworks",
				);
				MARKETING_VERSION = 1.0;
				PRODUCT_BUNDLE_IDENTIFIER = mint.landmarkapp.watchkitapp.watchkitextension;
				PRODUCT_NAME = "${TARGET_NAME}";
				SDKROOT = watchos;
				SKIP_INSTALL = YES;
				SWIFT_EMIT_LOC_STRINGS = YES;
				SWIFT_VERSION = 5.0;
				TARGETED_DEVICE_FAMILY = 4;
				WATCHOS_DEPLOYMENT_TARGET = 8.0;
			};
			name = Debug;
		};
		05D9B47327207D1F003CAD08 /* Release */ = {
			isa = XCBuildConfiguration;
			buildSettings = {
				ASSETCATALOG_COMPILER_COMPLICATION_NAME = Complication;
				CODE_SIGN_STYLE = Automatic;
				CURRENT_PROJECT_VERSION = 1;
				DEVELOPMENT_ASSET_PATHS = "\"WatchLandmarks WatchKit Extension/Preview Content\"";
				DEVELOPMENT_TEAM = N4D3VSW55S;
				ENABLE_PREVIEWS = YES;
				GENERATE_INFOPLIST_FILE = YES;
				INFOPLIST_FILE = "WatchLandmarks WatchKit Extension/Info.plist";
				INFOPLIST_KEY_CFBundleDisplayName = "WatchLandmarks WatchKit Extension";
				INFOPLIST_KEY_CLKComplicationPrincipalClass = WatchLandmarks_WatchKit_Extension.ComplicationController;
				INFOPLIST_KEY_NSHumanReadableCopyright = "";
				INFOPLIST_KEY_WKRunsIndependentlyOfCompanionApp = YES;
				LD_RUNPATH_SEARCH_PATHS = (
					"$(inherited)",
					"@executable_path/Frameworks",
					"@executable_path/../../Frameworks",
				);
				MARKETING_VERSION = 1.0;
				PRODUCT_BUNDLE_IDENTIFIER = mint.landmarkapp.watchkitapp.watchkitextension;
				PRODUCT_NAME = "${TARGET_NAME}";
				SDKROOT = watchos;
				SKIP_INSTALL = YES;
				SWIFT_EMIT_LOC_STRINGS = YES;
				SWIFT_VERSION = 5.0;
				TARGETED_DEVICE_FAMILY = 4;
				WATCHOS_DEPLOYMENT_TARGET = 8.0;
			};
			name = Release;
		};
		05D9B47627207D1F003CAD08 /* Debug */ = {
			isa = XCBuildConfiguration;
			buildSettings = {
				ALWAYS_EMBED_SWIFT_STANDARD_LIBRARIES = YES;
				ASSETCATALOG_COMPILER_APPICON_NAME = AppIcon;
				ASSETCATALOG_COMPILER_GLOBAL_ACCENT_COLOR_NAME = AccentColor;
				CODE_SIGN_STYLE = Automatic;
				CURRENT_PROJECT_VERSION = 1;
				DEVELOPMENT_TEAM = N4D3VSW55S;
				GENERATE_INFOPLIST_FILE = YES;
				IBSC_MODULE = WatchLandmarks_WatchKit_Extension;
				INFOPLIST_KEY_CFBundleDisplayName = WatchLandmarks;
				INFOPLIST_KEY_UISupportedInterfaceOrientations = "UIInterfaceOrientationPortrait UIInterfaceOrientationPortraitUpsideDown";
				INFOPLIST_KEY_WKCompanionAppBundleIdentifier = mint.landmarkapp;
				MARKETING_VERSION = 1.0;
				PRODUCT_BUNDLE_IDENTIFIER = mint.landmarkapp.watchkitapp;
				PRODUCT_NAME = "$(TARGET_NAME)";
				SDKROOT = watchos;
				SKIP_INSTALL = YES;
				SWIFT_EMIT_LOC_STRINGS = YES;
				SWIFT_VERSION = 5.0;
				TARGETED_DEVICE_FAMILY = 4;
				WATCHOS_DEPLOYMENT_TARGET = 8.0;
			};
			name = Debug;
		};
		05D9B47727207D1F003CAD08 /* Release */ = {
			isa = XCBuildConfiguration;
			buildSettings = {
				ALWAYS_EMBED_SWIFT_STANDARD_LIBRARIES = YES;
				ASSETCATALOG_COMPILER_APPICON_NAME = AppIcon;
				ASSETCATALOG_COMPILER_GLOBAL_ACCENT_COLOR_NAME = AccentColor;
				CODE_SIGN_STYLE = Automatic;
				CURRENT_PROJECT_VERSION = 1;
				DEVELOPMENT_TEAM = N4D3VSW55S;
				GENERATE_INFOPLIST_FILE = YES;
				IBSC_MODULE = WatchLandmarks_WatchKit_Extension;
				INFOPLIST_KEY_CFBundleDisplayName = WatchLandmarks;
				INFOPLIST_KEY_UISupportedInterfaceOrientations = "UIInterfaceOrientationPortrait UIInterfaceOrientationPortraitUpsideDown";
				INFOPLIST_KEY_WKCompanionAppBundleIdentifier = mint.landmarkapp;
				MARKETING_VERSION = 1.0;
				PRODUCT_BUNDLE_IDENTIFIER = mint.landmarkapp.watchkitapp;
				PRODUCT_NAME = "$(TARGET_NAME)";
				SDKROOT = watchos;
				SKIP_INSTALL = YES;
				SWIFT_EMIT_LOC_STRINGS = YES;
				SWIFT_VERSION = 5.0;
				TARGETED_DEVICE_FAMILY = 4;
				WATCHOS_DEPLOYMENT_TARGET = 8.0;
			};
			name = Release;
		};
		05EEEFF6272F267100BCCEB6 /* Debug */ = {
			isa = XCBuildConfiguration;
			buildSettings = {
				ASSETCATALOG_COMPILER_APPICON_NAME = AppIcon;
				ASSETCATALOG_COMPILER_GLOBAL_ACCENT_COLOR_NAME = AccentColor;
				CODE_SIGN_ENTITLEMENTS = MacLandmarks/MacLandmarks.entitlements;
				CODE_SIGN_STYLE = Automatic;
				COMBINE_HIDPI_IMAGES = YES;
				CURRENT_PROJECT_VERSION = 1;
				DEVELOPMENT_ASSET_PATHS = "\"MacLandmarks/Preview Content\"";
				DEVELOPMENT_TEAM = N4D3VSW55S;
				ENABLE_HARDENED_RUNTIME = YES;
				ENABLE_PREVIEWS = YES;
				GENERATE_INFOPLIST_FILE = YES;
				INFOPLIST_KEY_NSHumanReadableCopyright = "";
				LD_RUNPATH_SEARCH_PATHS = (
					"$(inherited)",
					"@executable_path/../Frameworks",
				);
				MACOSX_DEPLOYMENT_TARGET = 11.6;
				MARKETING_VERSION = 1.0;
				PRODUCT_BUNDLE_IDENTIFIER = mint.MacLandmarks;
				PRODUCT_NAME = "$(TARGET_NAME)";
				SDKROOT = macosx;
				SWIFT_EMIT_LOC_STRINGS = YES;
				SWIFT_VERSION = 5.0;
			};
			name = Debug;
		};
		05EEEFF7272F267100BCCEB6 /* Release */ = {
			isa = XCBuildConfiguration;
			buildSettings = {
				ASSETCATALOG_COMPILER_APPICON_NAME = AppIcon;
				ASSETCATALOG_COMPILER_GLOBAL_ACCENT_COLOR_NAME = AccentColor;
				CODE_SIGN_ENTITLEMENTS = MacLandmarks/MacLandmarks.entitlements;
				CODE_SIGN_STYLE = Automatic;
				COMBINE_HIDPI_IMAGES = YES;
				CURRENT_PROJECT_VERSION = 1;
				DEVELOPMENT_ASSET_PATHS = "\"MacLandmarks/Preview Content\"";
				DEVELOPMENT_TEAM = N4D3VSW55S;
				ENABLE_HARDENED_RUNTIME = YES;
				ENABLE_PREVIEWS = YES;
				GENERATE_INFOPLIST_FILE = YES;
				INFOPLIST_KEY_NSHumanReadableCopyright = "";
				LD_RUNPATH_SEARCH_PATHS = (
					"$(inherited)",
					"@executable_path/../Frameworks",
				);
				MACOSX_DEPLOYMENT_TARGET = 11.6;
				MARKETING_VERSION = 1.0;
				PRODUCT_BUNDLE_IDENTIFIER = mint.MacLandmarks;
				PRODUCT_NAME = "$(TARGET_NAME)";
				SDKROOT = macosx;
				SWIFT_EMIT_LOC_STRINGS = YES;
				SWIFT_VERSION = 5.0;
			};
			name = Release;
		};
/* End XCBuildConfiguration section */

/* Begin XCConfigurationList section */
		05AAF862271739E9007C7CFE /* Build configuration list for PBXProject "landmarkapp" */ = {
			isa = XCConfigurationList;
			buildConfigurations = (
				05AAF873271739EB007C7CFE /* Debug */,
				05AAF874271739EB007C7CFE /* Release */,
			);
			defaultConfigurationIsVisible = 0;
			defaultConfigurationName = Release;
		};
		05AAF875271739EB007C7CFE /* Build configuration list for PBXNativeTarget "landmarkapp" */ = {
			isa = XCConfigurationList;
			buildConfigurations = (
				05AAF876271739EB007C7CFE /* Debug */,
				05AAF877271739EB007C7CFE /* Release */,
			);
			defaultConfigurationIsVisible = 0;
			defaultConfigurationName = Release;
		};
		05D9B47127207D1F003CAD08 /* Build configuration list for PBXNativeTarget "WatchLandmarks WatchKit Extension" */ = {
			isa = XCConfigurationList;
			buildConfigurations = (
				05D9B47227207D1F003CAD08 /* Debug */,
				05D9B47327207D1F003CAD08 /* Release */,
			);
			defaultConfigurationIsVisible = 0;
			defaultConfigurationName = Release;
		};
		05D9B47527207D1F003CAD08 /* Build configuration list for PBXNativeTarget "WatchLandmarks" */ = {
			isa = XCConfigurationList;
			buildConfigurations = (
				05D9B47627207D1F003CAD08 /* Debug */,
				05D9B47727207D1F003CAD08 /* Release */,
			);
			defaultConfigurationIsVisible = 0;
			defaultConfigurationName = Release;
		};
		05EEEFF5272F267100BCCEB6 /* Build configuration list for PBXNativeTarget "MacLandmarks" */ = {
			isa = XCConfigurationList;
			buildConfigurations = (
				05EEEFF6272F267100BCCEB6 /* Debug */,
				05EEEFF7272F267100BCCEB6 /* Release */,
			);
			defaultConfigurationIsVisible = 0;
			defaultConfigurationName = Release;
		};
/* End XCConfigurationList section */
	};
	rootObject = 05AAF85F271739E9007C7CFE /* Project object */;
}
